
Microsoft Visual Studio Solution File, Format Version 12.00
# Visual Studio Version 17
VisualStudioVersion = 17.2.32630.192
MinimumVisualStudioVersion = 10.0.40219.1
Project("{2150E333-8FDC-42A3-9474-1A3956D46DE8}") = "Enterprise Business Rules", "Enterprise Business Rules", "{2CA4A0DC-2D32-47A6-B270-61DF4FFED378}"
EndProject
Project("{9A19103F-16F7-4668-BE54-9A1E7A4F7556}") = "OpenBank.Entities", "OpenBank.Entities\OpenBank.Entities.csproj", "{C537723A-4812-4A91-BC36-2A9D73E7863F}"
EndProject
Project("{2150E333-8FDC-42A3-9474-1A3956D46DE8}") = "Interface Adapters", "Interface Adapters", "{B9FC15C5-3A89-412D-A6D0-37E997F1772E}"
EndProject
Project("{2150E333-8FDC-42A3-9474-1A3956D46DE8}") = "Gateways", "Gateways", "{F227F81A-281E-4FE9-B083-F2987D1F9F9F}"
EndProject
Project("{9A19103F-16F7-4668-BE54-9A1E7A4F7556}") = "OpenBank.RepositoryEF", "OpenBank.RepositoryEF\OpenBank.RepositoryEF.csproj", "{22862EA5-78C4-46A6-9691-7BBA0D4F225E}"
EndProject
Project("{2150E333-8FDC-42A3-9474-1A3956D46DE8}") = "Application Business Rules", "Application Business Rules", "{96D54B3C-6F31-428A-8807-F46A35E19B5B}"
EndProject
Project("{9A19103F-16F7-4668-BE54-9A1E7A4F7556}") = "OpenBank.DTOs", "OpenBank.DTOs\OpenBank.DTOs.csproj", "{6D13B0E1-BAD0-44B0-88B8-EFEA430E61B3}"
EndProject
Project("{9A19103F-16F7-4668-BE54-9A1E7A4F7556}") = "OpenBank.UseCasesAbstractions", "OpenBank.UseCasesAbstractions\OpenBank.UseCasesAbstractions.csproj", "{094DD0A7-437E-464A-8754-9955E1F283B3}"
EndProject
Project("{9A19103F-16F7-4668-BE54-9A1E7A4F7556}") = "OpenBank.UseCases", "OpenBank.UseCases\OpenBank.UseCases.csproj", "{FAABD698-8FD4-4FCD-AF36-4FC9C3DF5973}"
EndProject
Project("{2150E333-8FDC-42A3-9474-1A3956D46DE8}") = "Presenters", "Presenters", "{6C7C07CC-45E5-4D03-994A-0D798833592D}"
EndProject
Project("{9A19103F-16F7-4668-BE54-9A1E7A4F7556}") = "OpenBank.Presenters", "OpenBank.Presenters\OpenBank.Presenters.csproj", "{237194C4-0668-4883-AA0E-C368D291ED51}"
EndProject
Project("{2150E333-8FDC-42A3-9474-1A3956D46DE8}") = "Controllers", "Controllers", "{1E8709F2-5248-4FBE-AF04-96318D891CBE}"
EndProject
Project("{9A19103F-16F7-4668-BE54-9A1E7A4F7556}") = "OpenBank.Controllers", "OpenBank.Controllers\OpenBank.Controllers.csproj", "{032193CD-561D-431B-8F5C-A0CBCD557A32}"
EndProject
Project("{2150E333-8FDC-42A3-9474-1A3956D46DE8}") = "Frameworks and Drivers", "Frameworks and Drivers", "{ED74C26F-58CD-4555-A390-43F85BC0291D}"
EndProject
Project("{2150E333-8FDC-42A3-9474-1A3956D46DE8}") = "UIs", "UIs", "{9F7EBEA2-9BF4-460E-BCE1-4DE94A2A2A60}"
EndProject
Project("{9A19103F-16F7-4668-BE54-9A1E7A4F7556}") = "OpenBank.Ioc", "OpenBank.Ioc\OpenBank.Ioc.csproj", "{DB8E80B8-CD5A-439C-B8A8-9E98D501A68B}"
EndProject
Project("{FAE04EC0-301F-11D3-BF4B-00C04F79EFBC}") = "OpenBankApi", "OpenBankApi\OpenBankApi.csproj", "{92811364-D588-48D3-B6A2-EFFA6E1E680C}"
EndProject
Global
	GlobalSection(SolutionConfigurationPlatforms) = preSolution
		Debug|Any CPU = Debug|Any CPU
		Release|Any CPU = Release|Any CPU
	EndGlobalSection
	GlobalSection(ProjectConfigurationPlatforms) = postSolution
		{C537723A-4812-4A91-BC36-2A9D73E7863F}.Debug|Any CPU.ActiveCfg = Debug|Any CPU
		{C537723A-4812-4A91-BC36-2A9D73E7863F}.Debug|Any CPU.Build.0 = Debug|Any CPU
		{C537723A-4812-4A91-BC36-2A9D73E7863F}.Release|Any CPU.ActiveCfg = Release|Any CPU
		{C537723A-4812-4A91-BC36-2A9D73E7863F}.Release|Any CPU.Build.0 = Release|Any CPU
		{22862EA5-78C4-46A6-9691-7BBA0D4F225E}.Debug|Any CPU.ActiveCfg = Debug|Any CPU
		{22862EA5-78C4-46A6-9691-7BBA0D4F225E}.Debug|Any CPU.Build.0 = Debug|Any CPU
		{22862EA5-78C4-46A6-9691-7BBA0D4F225E}.Release|Any CPU.ActiveCfg = Release|Any CPU
		{22862EA5-78C4-46A6-9691-7BBA0D4F225E}.Release|Any CPU.Build.0 = Release|Any CPU
		{6D13B0E1-BAD0-44B0-88B8-EFEA430E61B3}.Debug|Any CPU.ActiveCfg = Debug|Any CPU
		{6D13B0E1-BAD0-44B0-88B8-EFEA430E61B3}.Debug|Any CPU.Build.0 = Debug|Any CPU
		{6D13B0E1-BAD0-44B0-88B8-EFEA430E61B3}.Release|Any CPU.ActiveCfg = Release|Any CPU
		{6D13B0E1-BAD0-44B0-88B8-EFEA430E61B3}.Release|Any CPU.Build.0 = Release|Any CPU
		{094DD0A7-437E-464A-8754-9955E1F283B3}.Debug|Any CPU.ActiveCfg = Debug|Any CPU
		{094DD0A7-437E-464A-8754-9955E1F283B3}.Debug|Any CPU.Build.0 = Debug|Any CPU
		{094DD0A7-437E-464A-8754-9955E1F283B3}.Release|Any CPU.ActiveCfg = Release|Any CPU
		{094DD0A7-437E-464A-8754-9955E1F283B3}.Release|Any CPU.Build.0 = Release|Any CPU
		{FAABD698-8FD4-4FCD-AF36-4FC9C3DF5973}.Debug|Any CPU.ActiveCfg = Debug|Any CPU
		{FAABD698-8FD4-4FCD-AF36-4FC9C3DF5973}.Debug|Any CPU.Build.0 = Debug|Any CPU
		{FAABD698-8FD4-4FCD-AF36-4FC9C3DF5973}.Release|Any CPU.ActiveCfg = Release|Any CPU
		{FAABD698-8FD4-4FCD-AF36-4FC9C3DF5973}.Release|Any CPU.Build.0 = Release|Any CPU
		{237194C4-0668-4883-AA0E-C368D291ED51}.Debug|Any CPU.ActiveCfg = Debug|Any CPU
		{237194C4-0668-4883-AA0E-C368D291ED51}.Debug|Any CPU.Build.0 = Debug|Any CPU
		{237194C4-0668-4883-AA0E-C368D291ED51}.Release|Any CPU.ActiveCfg = Release|Any CPU
		{237194C4-0668-4883-AA0E-C368D291ED51}.Release|Any CPU.Build.0 = Release|Any CPU
		{032193CD-561D-431B-8F5C-A0CBCD557A32}.Debug|Any CPU.ActiveCfg = Debug|Any CPU
		{032193CD-561D-431B-8F5C-A0CBCD557A32}.Debug|Any CPU.Build.0 = Debug|Any CPU
		{032193CD-561D-431B-8F5C-A0CBCD557A32}.Release|Any CPU.ActiveCfg = Release|Any CPU
		{032193CD-561D-431B-8F5C-A0CBCD557A32}.Release|Any CPU.Build.0 = Release|Any CPU
		{DB8E80B8-CD5A-439C-B8A8-9E98D501A68B}.Debug|Any CPU.ActiveCfg = Debug|Any CPU
		{DB8E80B8-CD5A-439C-B8A8-9E98D501A68B}.Debug|Any CPU.Build.0 = Debug|Any CPU
		{DB8E80B8-CD5A-439C-B8A8-9E98D501A68B}.Release|Any CPU.ActiveCfg = Release|Any CPU
		{DB8E80B8-CD5A-439C-B8A8-9E98D501A68B}.Release|Any CPU.Build.0 = Release|Any CPU
		{92811364-D588-48D3-B6A2-EFFA6E1E680C}.Debug|Any CPU.ActiveCfg = Debug|Any CPU
		{92811364-D588-48D3-B6A2-EFFA6E1E680C}.Debug|Any CPU.Build.0 = Debug|Any CPU
		{92811364-D588-48D3-B6A2-EFFA6E1E680C}.Release|Any CPU.ActiveCfg = Release|Any CPU
		{92811364-D588-48D3-B6A2-EFFA6E1E680C}.Release|Any CPU.Build.0 = Release|Any CPU
	EndGlobalSection
	GlobalSection(SolutionProperties) = preSolution
		HideSolutionNode = FALSE
	EndGlobalSection
	GlobalSection(NestedProjects) = preSolution
		{C537723A-4812-4A91-BC36-2A9D73E7863F} = {2CA4A0DC-2D32-47A6-B270-61DF4FFED378}
		{F227F81A-281E-4FE9-B083-F2987D1F9F9F} = {B9FC15C5-3A89-412D-A6D0-37E997F1772E}
		{22862EA5-78C4-46A6-9691-7BBA0D4F225E} = {F227F81A-281E-4FE9-B083-F2987D1F9F9F}
		{6D13B0E1-BAD0-44B0-88B8-EFEA430E61B3} = {96D54B3C-6F31-428A-8807-F46A35E19B5B}
		{094DD0A7-437E-464A-8754-9955E1F283B3} = {96D54B3C-6F31-428A-8807-F46A35E19B5B}
		{FAABD698-8FD4-4FCD-AF36-4FC9C3DF5973} = {96D54B3C-6F31-428A-8807-F46A35E19B5B}
		{6C7C07CC-45E5-4D03-994A-0D798833592D} = {B9FC15C5-3A89-412D-A6D0-37E997F1772E}
		{237194C4-0668-4883-AA0E-C368D291ED51} = {6C7C07CC-45E5-4D03-994A-0D798833592D}
		{1E8709F2-5248-4FBE-AF04-96318D891CBE} = {B9FC15C5-3A89-412D-A6D0-37E997F1772E}
		{032193CD-561D-431B-8F5C-A0CBCD557A32} = {1E8709F2-5248-4FBE-AF04-96318D891CBE}
		{9F7EBEA2-9BF4-460E-BCE1-4DE94A2A2A60} = {ED74C26F-58CD-4555-A390-43F85BC0291D}
		{DB8E80B8-CD5A-439C-B8A8-9E98D501A68B} = {F227F81A-281E-4FE9-B083-F2987D1F9F9F}
		{92811364-D588-48D3-B6A2-EFFA6E1E680C} = {9F7EBEA2-9BF4-460E-BCE1-4DE94A2A2A60}
	EndGlobalSection
	GlobalSection(ExtensibilityGlobals) = postSolution
		SolutionGuid = {E27714A8-9368-4DBA-97E4-6FE54C3BF701}
	EndGlobalSection
EndGlobal
